// !$*UTF8*$!
{
	archiveVersion = 1;
	classes = {
	};
	objectVersion = 46;
	objects = {

/* Begin PBXBuildFile section */
		25085D951BDE45770060A150 /* AppDelegate.swift in Sources */ = {isa = PBXBuildFile; fileRef = 25085D941BDE45770060A150 /* AppDelegate.swift */; };
		25085D9D1BDE45780060A150 /* LKSwift_weibo.xcdatamodeld in Sources */ = {isa = PBXBuildFile; fileRef = 25085D9B1BDE45780060A150 /* LKSwift_weibo.xcdatamodeld */; };
		25085D9F1BDE45780060A150 /* Assets.xcassets in Resources */ = {isa = PBXBuildFile; fileRef = 25085D9E1BDE45780060A150 /* Assets.xcassets */; };
		25085DAD1BDE45780060A150 /* LKSwift_weiboTests.swift in Sources */ = {isa = PBXBuildFile; fileRef = 25085DAC1BDE45780060A150 /* LKSwift_weiboTests.swift */; };
		25085DB81BDE45780060A150 /* LKSwift_weiboUITests.swift in Sources */ = {isa = PBXBuildFile; fileRef = 25085DB71BDE45780060A150 /* LKSwift_weiboUITests.swift */; };
		25085E441BDE4CB20060A150 /* LKMainTabBarViewController.swift in Sources */ = {isa = PBXBuildFile; fileRef = 25085E431BDE4CB20060A150 /* LKMainTabBarViewController.swift */; };
		25085E491BDE53240060A150 /* LKHomeTableViewController.swift in Sources */ = {isa = PBXBuildFile; fileRef = 25085E481BDE53240060A150 /* LKHomeTableViewController.swift */; };
		25085E4B1BDE53340060A150 /* LKMessageTableViewController.swift in Sources */ = {isa = PBXBuildFile; fileRef = 25085E4A1BDE53340060A150 /* LKMessageTableViewController.swift */; };
		25085E4D1BDE53510060A150 /* LKDiscoverTableViewController.swift in Sources */ = {isa = PBXBuildFile; fileRef = 25085E4C1BDE53510060A150 /* LKDiscoverTableViewController.swift */; };
		25085E4F1BDE53600060A150 /* LKProfileTableViewController.swift in Sources */ = {isa = PBXBuildFile; fileRef = 25085E4E1BDE53600060A150 /* LKProfileTableViewController.swift */; };
		252DB1131BE23433008E5A39 /* LKNetworkTools.swift in Sources */ = {isa = PBXBuildFile; fileRef = 252DB1121BE23433008E5A39 /* LKNetworkTools.swift */; };
		252DB1171BE23824008E5A39 /* LKOauthViewController.swift in Sources */ = {isa = PBXBuildFile; fileRef = 252DB1161BE23824008E5A39 /* LKOauthViewController.swift */; };
		25F672F51BDE8B4C0064ECAD /* LKBaseTableViewController.swift in Sources */ = {isa = PBXBuildFile; fileRef = 25F672F41BDE8B4C0064ECAD /* LKBaseTableViewController.swift */; };
		25F672F71BDE8D320064ECAD /* LKVistorView.swift in Sources */ = {isa = PBXBuildFile; fileRef = 25F672F61BDE8D320064ECAD /* LKVistorView.swift */; };
		25F6B4A91BE28709005C1329 /* LKUserAccount.swift in Sources */ = {isa = PBXBuildFile; fileRef = 25F6B4A81BE28709005C1329 /* LKUserAccount.swift */; };
		D4C11F71E9E94C59829C5141 /* Pods_LKSwift_weibo.framework in Frameworks */ = {isa = PBXBuildFile; fileRef = C1818C3DD7B34CF63C7A9271 /* Pods_LKSwift_weibo.framework */; };
/* End PBXBuildFile section */

/* Begin PBXContainerItemProxy section */
		25085DA91BDE45780060A150 /* PBXContainerItemProxy */ = {
			isa = PBXContainerItemProxy;
			containerPortal = 25085D891BDE45770060A150 /* Project object */;
			proxyType = 1;
			remoteGlobalIDString = 25085D901BDE45770060A150;
			remoteInfo = LKSwift_weibo;
		};
		25085DB41BDE45780060A150 /* PBXContainerItemProxy */ = {
			isa = PBXContainerItemProxy;
			containerPortal = 25085D891BDE45770060A150 /* Project object */;
			proxyType = 1;
			remoteGlobalIDString = 25085D901BDE45770060A150;
			remoteInfo = LKSwift_weibo;
		};
/* End PBXContainerItemProxy section */

/* Begin PBXFileReference section */
		12C4DDC581C590D4362C80E5 /* Pods-LKSwift_weibo.release.xcconfig */ = {isa = PBXFileReference; includeInIndex = 1; lastKnownFileType = text.xcconfig; name = "Pods-LKSwift_weibo.release.xcconfig"; path = "Pods/Target Support Files/Pods-LKSwift_weibo/Pods-LKSwift_weibo.release.xcconfig"; sourceTree = "<group>"; };
		25085D911BDE45770060A150 /* LKSwift_weibo.app */ = {isa = PBXFileReference; explicitFileType = wrapper.application; includeInIndex = 0; path = LKSwift_weibo.app; sourceTree = BUILT_PRODUCTS_DIR; };
		25085D941BDE45770060A150 /* AppDelegate.swift */ = {isa = PBXFileReference; lastKnownFileType = sourcecode.swift; path = AppDelegate.swift; sourceTree = "<group>"; };
		25085D9C1BDE45780060A150 /* LKSwift_weibo.xcdatamodel */ = {isa = PBXFileReference; lastKnownFileType = wrapper.xcdatamodel; path = LKSwift_weibo.xcdatamodel; sourceTree = "<group>"; };
		25085D9E1BDE45780060A150 /* Assets.xcassets */ = {isa = PBXFileReference; lastKnownFileType = folder.assetcatalog; path = Assets.xcassets; sourceTree = "<group>"; };
		25085DA31BDE45780060A150 /* Info.plist */ = {isa = PBXFileReference; lastKnownFileType = text.plist.xml; path = Info.plist; sourceTree = "<group>"; };
		25085DA81BDE45780060A150 /* LKSwift_weiboTests.xctest */ = {isa = PBXFileReference; explicitFileType = wrapper.cfbundle; includeInIndex = 0; path = LKSwift_weiboTests.xctest; sourceTree = BUILT_PRODUCTS_DIR; };
		25085DAC1BDE45780060A150 /* LKSwift_weiboTests.swift */ = {isa = PBXFileReference; lastKnownFileType = sourcecode.swift; path = LKSwift_weiboTests.swift; sourceTree = "<group>"; };
		25085DAE1BDE45780060A150 /* Info.plist */ = {isa = PBXFileReference; lastKnownFileType = text.plist.xml; path = Info.plist; sourceTree = "<group>"; };
		25085DB31BDE45780060A150 /* LKSwift_weiboUITests.xctest */ = {isa = PBXFileReference; explicitFileType = wrapper.cfbundle; includeInIndex = 0; path = LKSwift_weiboUITests.xctest; sourceTree = BUILT_PRODUCTS_DIR; };
		25085DB71BDE45780060A150 /* LKSwift_weiboUITests.swift */ = {isa = PBXFileReference; lastKnownFileType = sourcecode.swift; path = LKSwift_weiboUITests.swift; sourceTree = "<group>"; };
		25085DB91BDE45780060A150 /* Info.plist */ = {isa = PBXFileReference; lastKnownFileType = text.plist.xml; path = Info.plist; sourceTree = "<group>"; };
		25085E431BDE4CB20060A150 /* LKMainTabBarViewController.swift */ = {isa = PBXFileReference; fileEncoding = 4; lastKnownFileType = sourcecode.swift; path = LKMainTabBarViewController.swift; sourceTree = "<group>"; };
		25085E481BDE53240060A150 /* LKHomeTableViewController.swift */ = {isa = PBXFileReference; fileEncoding = 4; lastKnownFileType = sourcecode.swift; path = LKHomeTableViewController.swift; sourceTree = "<group>"; };
		25085E4A1BDE53340060A150 /* LKMessageTableViewController.swift */ = {isa = PBXFileReference; fileEncoding = 4; lastKnownFileType = sourcecode.swift; path = LKMessageTableViewController.swift; sourceTree = "<group>"; };
		25085E4C1BDE53510060A150 /* LKDiscoverTableViewController.swift */ = {isa = PBXFileReference; fileEncoding = 4; lastKnownFileType = sourcecode.swift; path = LKDiscoverTableViewController.swift; sourceTree = "<group>"; };
		25085E4E1BDE53600060A150 /* LKProfileTableViewController.swift */ = {isa = PBXFileReference; fileEncoding = 4; lastKnownFileType = sourcecode.swift; path = LKProfileTableViewController.swift; sourceTree = "<group>"; };
		252DB1121BE23433008E5A39 /* LKNetworkTools.swift */ = {isa = PBXFileReference; fileEncoding = 4; lastKnownFileType = sourcecode.swift; path = LKNetworkTools.swift; sourceTree = "<group>"; };
		252DB1161BE23824008E5A39 /* LKOauthViewController.swift */ = {isa = PBXFileReference; fileEncoding = 4; lastKnownFileType = sourcecode.swift; path = LKOauthViewController.swift; sourceTree = "<group>"; };
		25F672F41BDE8B4C0064ECAD /* LKBaseTableViewController.swift */ = {isa = PBXFileReference; fileEncoding = 4; lastKnownFileType = sourcecode.swift; path = LKBaseTableViewController.swift; sourceTree = "<group>"; };
		25F672F61BDE8D320064ECAD /* LKVistorView.swift */ = {isa = PBXFileReference; fileEncoding = 4; lastKnownFileType = sourcecode.swift; path = LKVistorView.swift; sourceTree = "<group>"; };
		25F6B4A81BE28709005C1329 /* LKUserAccount.swift */ = {isa = PBXFileReference; fileEncoding = 4; lastKnownFileType = sourcecode.swift; path = LKUserAccount.swift; sourceTree = "<group>"; };
		58322AA79669C198763D5DB4 /* Pods-LKSwift_weibo.debug.xcconfig */ = {isa = PBXFileReference; includeInIndex = 1; lastKnownFileType = text.xcconfig; name = "Pods-LKSwift_weibo.debug.xcconfig"; path = "Pods/Target Support Files/Pods-LKSwift_weibo/Pods-LKSwift_weibo.debug.xcconfig"; sourceTree = "<group>"; };
		C1818C3DD7B34CF63C7A9271 /* Pods_LKSwift_weibo.framework */ = {isa = PBXFileReference; explicitFileType = wrapper.framework; includeInIndex = 0; path = Pods_LKSwift_weibo.framework; sourceTree = BUILT_PRODUCTS_DIR; };
/* End PBXFileReference section */

/* Begin PBXFrameworksBuildPhase section */
		25085D8E1BDE45770060A150 /* Frameworks */ = {
			isa = PBXFrameworksBuildPhase;
			buildActionMask = 2147483647;
			files = (
				D4C11F71E9E94C59829C5141 /* Pods_LKSwift_weibo.framework in Frameworks */,
			);
			runOnlyForDeploymentPostprocessing = 0;
		};
		25085DA51BDE45780060A150 /* Frameworks */ = {
			isa = PBXFrameworksBuildPhase;
			buildActionMask = 2147483647;
			files = (
			);
			runOnlyForDeploymentPostprocessing = 0;
		};
		25085DB01BDE45780060A150 /* Frameworks */ = {
			isa = PBXFrameworksBuildPhase;
			buildActionMask = 2147483647;
			files = (
			);
			runOnlyForDeploymentPostprocessing = 0;
		};
/* End PBXFrameworksBuildPhase section */

/* Begin PBXGroup section */
		25085D881BDE45770060A150 = {
			isa = PBXGroup;
			children = (
				25085D931BDE45770060A150 /* LKSwift_weibo */,
				25085DAB1BDE45780060A150 /* LKSwift_weiboTests */,
				25085DB61BDE45780060A150 /* LKSwift_weiboUITests */,
				25085D921BDE45770060A150 /* Products */,
				FF6525765EA43A975530E44F /* Pods */,
				C65CD2330D49519D59976B16 /* Frameworks */,
			);
			sourceTree = "<group>";
		};
		25085D921BDE45770060A150 /* Products */ = {
			isa = PBXGroup;
			children = (
				25085D911BDE45770060A150 /* LKSwift_weibo.app */,
				25085DA81BDE45780060A150 /* LKSwift_weiboTests.xctest */,
				25085DB31BDE45780060A150 /* LKSwift_weiboUITests.xctest */,
			);
			name = Products;
			sourceTree = "<group>";
		};
		25085D931BDE45770060A150 /* LKSwift_weibo */ = {
			isa = PBXGroup;
			children = (
				25085D941BDE45770060A150 /* AppDelegate.swift */,
				25085DC51BDE48020060A150 /* Classes */,
				25085D9E1BDE45780060A150 /* Assets.xcassets */,
				25085DA31BDE45780060A150 /* Info.plist */,
				25085D9B1BDE45780060A150 /* LKSwift_weibo.xcdatamodeld */,
			);
			path = LKSwift_weibo;
			sourceTree = "<group>";
		};
		25085DAB1BDE45780060A150 /* LKSwift_weiboTests */ = {
			isa = PBXGroup;
			children = (
				25085DAC1BDE45780060A150 /* LKSwift_weiboTests.swift */,
				25085DAE1BDE45780060A150 /* Info.plist */,
			);
			path = LKSwift_weiboTests;
			sourceTree = "<group>";
		};
		25085DB61BDE45780060A150 /* LKSwift_weiboUITests */ = {
			isa = PBXGroup;
			children = (
				25085DB71BDE45780060A150 /* LKSwift_weiboUITests.swift */,
				25085DB91BDE45780060A150 /* Info.plist */,
			);
			path = LKSwift_weiboUITests;
			sourceTree = "<group>";
		};
		25085DC51BDE48020060A150 /* Classes */ = {
			isa = PBXGroup;
			children = (
				25085DC61BDE48020060A150 /* Extension(延展) */,
				25085DC71BDE48020060A150 /* Library（库） */,
				25085DC81BDE48020060A150 /* Model（全局模型） */,
				25085DC91BDE48020060A150 /* Module（模块） */,
				25085DE21BDE48020060A150 /* Tool（工具） */,
			);
			path = Classes;
			sourceTree = "<group>";
		};
		25085DC61BDE48020060A150 /* Extension(延展) */ = {
			isa = PBXGroup;
			children = (
			);
			name = "Extension(延展)";
			path = Extension;
			sourceTree = "<group>";
		};
		25085DC71BDE48020060A150 /* Library（库） */ = {
			isa = PBXGroup;
			children = (
			);
			name = "Library（库）";
			path = Library;
			sourceTree = "<group>";
		};
		25085DC81BDE48020060A150 /* Model（全局模型） */ = {
			isa = PBXGroup;
			children = (
				25F6B4A81BE28709005C1329 /* LKUserAccount.swift */,
			);
			name = "Model（全局模型）";
			path = Model;
			sourceTree = "<group>";
		};
		25085DC91BDE48020060A150 /* Module（模块） */ = {
			isa = PBXGroup;
			children = (
				252DB1141BE237F8008E5A39 /* Oauth(授权) */,
				25085DDE1BDE48020060A150 /* Test（测试） */,
				25085DD21BDE48020060A150 /* Main（主要的） */,
				25085DCE1BDE48020060A150 /* Home（首页） */,
				25085DD61BDE48020060A150 /* Message（消息） */,
				25085DCA1BDE48020060A150 /* Discover（发现） */,
				25085DDA1BDE48020060A150 /* Profile（我） */,
			);
			name = "Module（模块）";
			path = Module;
			sourceTree = "<group>";
		};
		25085DCA1BDE48020060A150 /* Discover（发现） */ = {
			isa = PBXGroup;
			children = (
				25085DCB1BDE48020060A150 /* Controller */,
				25085DCC1BDE48020060A150 /* Model */,
				25085DCD1BDE48020060A150 /* View */,
			);
			name = "Discover（发现）";
			path = Discover;
			sourceTree = "<group>";
		};
		25085DCB1BDE48020060A150 /* Controller */ = {
			isa = PBXGroup;
			children = (
				25085E4C1BDE53510060A150 /* LKDiscoverTableViewController.swift */,
			);
			path = Controller;
			sourceTree = "<group>";
		};
		25085DCC1BDE48020060A150 /* Model */ = {
			isa = PBXGroup;
			children = (
			);
			path = Model;
			sourceTree = "<group>";
		};
		25085DCD1BDE48020060A150 /* View */ = {
			isa = PBXGroup;
			children = (
			);
			path = View;
			sourceTree = "<group>";
		};
		25085DCE1BDE48020060A150 /* Home（首页） */ = {
			isa = PBXGroup;
			children = (
				25085DCF1BDE48020060A150 /* Controller */,
				25085DD01BDE48020060A150 /* Model */,
				25085DD11BDE48020060A150 /* View */,
			);
			name = "Home（首页）";
			path = Home;
			sourceTree = "<group>";
		};
		25085DCF1BDE48020060A150 /* Controller */ = {
			isa = PBXGroup;
			children = (
				25085E481BDE53240060A150 /* LKHomeTableViewController.swift */,
			);
			path = Controller;
			sourceTree = "<group>";
		};
		25085DD01BDE48020060A150 /* Model */ = {
			isa = PBXGroup;
			children = (
			);
			path = Model;
			sourceTree = "<group>";
		};
		25085DD11BDE48020060A150 /* View */ = {
			isa = PBXGroup;
			children = (
			);
			path = View;
			sourceTree = "<group>";
		};
		25085DD21BDE48020060A150 /* Main（主要的） */ = {
			isa = PBXGroup;
			children = (
				25085DD31BDE48020060A150 /* Controller */,
				25085DD41BDE48020060A150 /* Model */,
				25085DD51BDE48020060A150 /* View */,
			);
			name = "Main（主要的）";
			path = Main;
			sourceTree = "<group>";
		};
		25085DD31BDE48020060A150 /* Controller */ = {
			isa = PBXGroup;
			children = (
				25085E431BDE4CB20060A150 /* LKMainTabBarViewController.swift */,
				25F672F41BDE8B4C0064ECAD /* LKBaseTableViewController.swift */,
			);
			path = Controller;
			sourceTree = "<group>";
		};
		25085DD41BDE48020060A150 /* Model */ = {
			isa = PBXGroup;
			children = (
			);
			path = Model;
			sourceTree = "<group>";
		};
		25085DD51BDE48020060A150 /* View */ = {
			isa = PBXGroup;
			children = (
				25F672F61BDE8D320064ECAD /* LKVistorView.swift */,
			);
			path = View;
			sourceTree = "<group>";
		};
		25085DD61BDE48020060A150 /* Message（消息） */ = {
			isa = PBXGroup;
			children = (
				25085DD71BDE48020060A150 /* Controller */,
				25085DD81BDE48020060A150 /* Model */,
				25085DD91BDE48020060A150 /* View */,
			);
			name = "Message（消息）";
			path = Message;
			sourceTree = "<group>";
		};
		25085DD71BDE48020060A150 /* Controller */ = {
			isa = PBXGroup;
			children = (
				25085E4A1BDE53340060A150 /* LKMessageTableViewController.swift */,
			);
			path = Controller;
			sourceTree = "<group>";
		};
		25085DD81BDE48020060A150 /* Model */ = {
			isa = PBXGroup;
			children = (
			);
			path = Model;
			sourceTree = "<group>";
		};
		25085DD91BDE48020060A150 /* View */ = {
			isa = PBXGroup;
			children = (
			);
			path = View;
			sourceTree = "<group>";
		};
		25085DDA1BDE48020060A150 /* Profile（我） */ = {
			isa = PBXGroup;
			children = (
				25085DDB1BDE48020060A150 /* Controller */,
				25085DDC1BDE48020060A150 /* Model */,
				25085DDD1BDE48020060A150 /* View */,
			);
			name = "Profile（我）";
			path = Profile;
			sourceTree = "<group>";
		};
		25085DDB1BDE48020060A150 /* Controller */ = {
			isa = PBXGroup;
			children = (
				25085E4E1BDE53600060A150 /* LKProfileTableViewController.swift */,
			);
			path = Controller;
			sourceTree = "<group>";
		};
		25085DDC1BDE48020060A150 /* Model */ = {
			isa = PBXGroup;
			children = (
			);
			path = Model;
			sourceTree = "<group>";
		};
		25085DDD1BDE48020060A150 /* View */ = {
			isa = PBXGroup;
			children = (
			);
			path = View;
			sourceTree = "<group>";
		};
		25085DDE1BDE48020060A150 /* Test（测试） */ = {
			isa = PBXGroup;
			children = (
				25085DDF1BDE48020060A150 /* Controller */,
				25085DE01BDE48020060A150 /* Model */,
				25085DE11BDE48020060A150 /* View */,
			);
			name = "Test（测试）";
			path = Test;
			sourceTree = "<group>";
		};
		25085DDF1BDE48020060A150 /* Controller */ = {
			isa = PBXGroup;
			children = (
			);
			path = Controller;
			sourceTree = "<group>";
		};
		25085DE01BDE48020060A150 /* Model */ = {
			isa = PBXGroup;
			children = (
			);
			path = Model;
			sourceTree = "<group>";
		};
		25085DE11BDE48020060A150 /* View */ = {
			isa = PBXGroup;
			children = (
			);
			path = View;
			sourceTree = "<group>";
		};
		25085DE21BDE48020060A150 /* Tool（工具） */ = {
			isa = PBXGroup;
			children = (
				252DB1121BE23433008E5A39 /* LKNetworkTools.swift */,
			);
			name = "Tool（工具）";
			path = Tool;
			sourceTree = "<group>";
		};
		252DB1141BE237F8008E5A39 /* Oauth(授权) */ = {
			isa = PBXGroup;
			children = (
				252DB1151BE237F8008E5A39 /* Controller */,
			);
			name = "Oauth(授权)";
			path = Oauth;
			sourceTree = "<group>";
		};
		252DB1151BE237F8008E5A39 /* Controller */ = {
			isa = PBXGroup;
			children = (
				252DB1161BE23824008E5A39 /* LKOauthViewController.swift */,
			);
			path = Controller;
			sourceTree = "<group>";
		};
		C65CD2330D49519D59976B16 /* Frameworks */ = {
			isa = PBXGroup;
			children = (
				C1818C3DD7B34CF63C7A9271 /* Pods_LKSwift_weibo.framework */,
			);
			name = Frameworks;
			sourceTree = "<group>";
		};
		FF6525765EA43A975530E44F /* Pods */ = {
			isa = PBXGroup;
			children = (
				58322AA79669C198763D5DB4 /* Pods-LKSwift_weibo.debug.xcconfig */,
				12C4DDC581C590D4362C80E5 /* Pods-LKSwift_weibo.release.xcconfig */,
			);
			name = Pods;
			sourceTree = "<group>";
		};
/* End PBXGroup section */

/* Begin PBXNativeTarget section */
		25085D901BDE45770060A150 /* LKSwift_weibo */ = {
			isa = PBXNativeTarget;
			buildConfigurationList = 25085DBC1BDE45780060A150 /* Build configuration list for PBXNativeTarget "LKSwift_weibo" */;
			buildPhases = (
				898040DF3A77CFD5D03027AB /* Check Pods Manifest.lock */,
				25085D8D1BDE45770060A150 /* Sources */,
				25085D8E1BDE45770060A150 /* Frameworks */,
				25085D8F1BDE45770060A150 /* Resources */,
				39540E04E53EC342BB83BAFE /* Embed Pods Frameworks */,
				CBCCAA38C2F87C8579677FDD /* Copy Pods Resources */,
			);
			buildRules = (
			);
			dependencies = (
			);
			name = LKSwift_weibo;
			productName = LKSwift_weibo;
			productReference = 25085D911BDE45770060A150 /* LKSwift_weibo.app */;
			productType = "com.apple.product-type.application";
		};
		25085DA71BDE45780060A150 /* LKSwift_weiboTests */ = {
			isa = PBXNativeTarget;
			buildConfigurationList = 25085DBF1BDE45780060A150 /* Build configuration list for PBXNativeTarget "LKSwift_weiboTests" */;
			buildPhases = (
				25085DA41BDE45780060A150 /* Sources */,
				25085DA51BDE45780060A150 /* Frameworks */,
				25085DA61BDE45780060A150 /* Resources */,
			);
			buildRules = (
			);
			dependencies = (
				25085DAA1BDE45780060A150 /* PBXTargetDependency */,
			);
			name = LKSwift_weiboTests;
			productName = LKSwift_weiboTests;
			productReference = 25085DA81BDE45780060A150 /* LKSwift_weiboTests.xctest */;
			productType = "com.apple.product-type.bundle.unit-test";
		};
		25085DB21BDE45780060A150 /* LKSwift_weiboUITests */ = {
			isa = PBXNativeTarget;
			buildConfigurationList = 25085DC21BDE45780060A150 /* Build configuration list for PBXNativeTarget "LKSwift_weiboUITests" */;
			buildPhases = (
				25085DAF1BDE45780060A150 /* Sources */,
				25085DB01BDE45780060A150 /* Frameworks */,
				25085DB11BDE45780060A150 /* Resources */,
			);
			buildRules = (
			);
			dependencies = (
				25085DB51BDE45780060A150 /* PBXTargetDependency */,
			);
			name = LKSwift_weiboUITests;
			productName = LKSwift_weiboUITests;
			productReference = 25085DB31BDE45780060A150 /* LKSwift_weiboUITests.xctest */;
			productType = "com.apple.product-type.bundle.ui-testing";
		};
/* End PBXNativeTarget section */

/* Begin PBXProject section */
		25085D891BDE45770060A150 /* Project object */ = {
			isa = PBXProject;
			attributes = {
				CLASSPREFIX = LK;
				LastSwiftUpdateCheck = 0710;
				LastUpgradeCheck = 0710;
				ORGANIZATIONNAME = lamKhun;
				TargetAttributes = {
					25085D901BDE45770060A150 = {
						CreatedOnToolsVersion = 7.1;
						DevelopmentTeam = DF4N62CG98;
					};
					25085DA71BDE45780060A150 = {
						CreatedOnToolsVersion = 7.1;
						DevelopmentTeam = DF4N62CG98;
						TestTargetID = 25085D901BDE45770060A150;
					};
					25085DB21BDE45780060A150 = {
						CreatedOnToolsVersion = 7.1;
						DevelopmentTeam = DF4N62CG98;
						TestTargetID = 25085D901BDE45770060A150;
					};
				};
			};
			buildConfigurationList = 25085D8C1BDE45770060A150 /* Build configuration list for PBXProject "LKSwift_weibo" */;
			compatibilityVersion = "Xcode 3.2";
			developmentRegion = English;
			hasScannedForEncodings = 0;
			knownRegions = (
				en,
				Base,
			);
			mainGroup = 25085D881BDE45770060A150;
			productRefGroup = 25085D921BDE45770060A150 /* Products */;
			projectDirPath = "";
			projectRoot = "";
			targets = (
				25085D901BDE45770060A150 /* LKSwift_weibo */,
				25085DA71BDE45780060A150 /* LKSwift_weiboTests */,
				25085DB21BDE45780060A150 /* LKSwift_weiboUITests */,
			);
		};
/* End PBXProject section */

/* Begin PBXResourcesBuildPhase section */
		25085D8F1BDE45770060A150 /* Resources */ = {
			isa = PBXResourcesBuildPhase;
			buildActionMask = 2147483647;
			files = (
				25085D9F1BDE45780060A150 /* Assets.xcassets in Resources */,
			);
			runOnlyForDeploymentPostprocessing = 0;
		};
		25085DA61BDE45780060A150 /* Resources */ = {
			isa = PBXResourcesBuildPhase;
			buildActionMask = 2147483647;
			files = (
			);
			runOnlyForDeploymentPostprocessing = 0;
		};
		25085DB11BDE45780060A150 /* Resources */ = {
			isa = PBXResourcesBuildPhase;
			buildActionMask = 2147483647;
			files = (
			);
			runOnlyForDeploymentPostprocessing = 0;
		};
/* End PBXResourcesBuildPhase section */

/* Begin PBXShellScriptBuildPhase section */
		39540E04E53EC342BB83BAFE /* Embed Pods Frameworks */ = {
			isa = PBXShellScriptBuildPhase;
			buildActionMask = 2147483647;
			files = (
			);
			inputPaths = (
			);
			name = "Embed Pods Frameworks";
			outputPaths = (
			);
			runOnlyForDeploymentPostprocessing = 0;
			shellPath = /bin/sh;
			shellScript = "\"${SRCROOT}/Pods/Target Support Files/Pods-LKSwift_weibo/Pods-LKSwift_weibo-frameworks.sh\"\n";
			showEnvVarsInLog = 0;
		};
		898040DF3A77CFD5D03027AB /* Check Pods Manifest.lock */ = {
			isa = PBXShellScriptBuildPhase;
			buildActionMask = 2147483647;
			files = (
			);
			inputPaths = (
			);
			name = "Check Pods Manifest.lock";
			outputPaths = (
			);
			runOnlyForDeploymentPostprocessing = 0;
			shellPath = /bin/sh;
			shellScript = "diff \"${PODS_ROOT}/../Podfile.lock\" \"${PODS_ROOT}/Manifest.lock\" > /dev/null\nif [[ $? != 0 ]] ; then\n    cat << EOM\nerror: The sandbox is not in sync with the Podfile.lock. Run 'pod install' or update your CocoaPods installation.\nEOM\n    exit 1\nfi\n";
			showEnvVarsInLog = 0;
		};
		CBCCAA38C2F87C8579677FDD /* Copy Pods Resources */ = {
			isa = PBXShellScriptBuildPhase;
			buildActionMask = 2147483647;
			files = (
			);
			inputPaths = (
			);
			name = "Copy Pods Resources";
			outputPaths = (
			);
			runOnlyForDeploymentPostprocessing = 0;
			shellPath = /bin/sh;
			shellScript = "\"${SRCROOT}/Pods/Target Support Files/Pods-LKSwift_weibo/Pods-LKSwift_weibo-resources.sh\"\n";
			showEnvVarsInLog = 0;
		};
/* End PBXShellScriptBuildPhase section */

/* Begin PBXSourcesBuildPhase section */
		25085D8D1BDE45770060A150 /* Sources */ = {
			isa = PBXSourcesBuildPhase;
			buildActionMask = 2147483647;
			files = (
				25085E4B1BDE53340060A150 /* LKMessageTableViewController.swift in Sources */,
				25085E441BDE4CB20060A150 /* LKMainTabBarViewController.swift in Sources */,
				25085E4F1BDE53600060A150 /* LKProfileTableViewController.swift in Sources */,
				252DB1131BE23433008E5A39 /* LKNetworkTools.swift in Sources */,
				25F672F51BDE8B4C0064ECAD /* LKBaseTableViewController.swift in Sources */,
				25F6B4A91BE28709005C1329 /* LKUserAccount.swift in Sources */,
				25085E491BDE53240060A150 /* LKHomeTableViewController.swift in Sources */,
				252DB1171BE23824008E5A39 /* LKOauthViewController.swift in Sources */,
				25085E4D1BDE53510060A150 /* LKDiscoverTableViewController.swift in Sources */,
				25085D951BDE45770060A150 /* AppDelegate.swift in Sources */,
				25085D9D1BDE45780060A150 /* LKSwift_weibo.xcdatamodeld in Sources */,
				25F672F71BDE8D320064ECAD /* LKVistorView.swift in Sources */,
			);
			runOnlyForDeploymentPostprocessing = 0;
		};
		25085DA41BDE45780060A150 /* Sources */ = {
			isa = PBXSourcesBuildPhase;
			buildActionMask = 2147483647;
			files = (
				25085DAD1BDE45780060A150 /* LKSwift_weiboTests.swift in Sources */,
			);
			runOnlyForDeploymentPostprocessing = 0;
		};
		25085DAF1BDE45780060A150 /* Sources */ = {
			isa = PBXSourcesBuildPhase;
			buildActionMask = 2147483647;
			files = (
				25085DB81BDE45780060A150 /* LKSwift_weiboUITests.swift in Sources */,
			);
			runOnlyForDeploymentPostprocessing = 0;
		};
/* End PBXSourcesBuildPhase section */

/* Begin PBXTargetDependency section */
		25085DAA1BDE45780060A150 /* PBXTargetDependency */ = {
			isa = PBXTargetDependency;
			target = 25085D901BDE45770060A150 /* LKSwift_weibo */;
			targetProxy = 25085DA91BDE45780060A150 /* PBXContainerItemProxy */;
		};
		25085DB51BDE45780060A150 /* PBXTargetDependency */ = {
			isa = PBXTargetDependency;
			target = 25085D901BDE45770060A150 /* LKSwift_weibo */;
			targetProxy = 25085DB41BDE45780060A150 /* PBXContainerItemProxy */;
		};
/* End PBXTargetDependency section */

/* Begin XCBuildConfiguration section */
		25085DBA1BDE45780060A150 /* Debug */ = {
			isa = XCBuildConfiguration;
			buildSettings = {
				ALWAYS_SEARCH_USER_PATHS = NO;
				CLANG_CXX_LANGUAGE_STANDARD = "gnu++0x";
				CLANG_CXX_LIBRARY = "libc++";
				CLANG_ENABLE_MODULES = YES;
				CLANG_ENABLE_OBJC_ARC = YES;
				CLANG_WARN_BOOL_CONVERSION = YES;
				CLANG_WARN_CONSTANT_CONVERSION = YES;
				CLANG_WARN_DIRECT_OBJC_ISA_USAGE = YES_ERROR;
				CLANG_WARN_EMPTY_BODY = YES;
				CLANG_WARN_ENUM_CONVERSION = YES;
				CLANG_WARN_INT_CONVERSION = YES;
				CLANG_WARN_OBJC_ROOT_CLASS = YES_ERROR;
				CLANG_WARN_UNREACHABLE_CODE = YES;
				CLANG_WARN__DUPLICATE_METHOD_MATCH = YES;
				"CODE_SIGN_IDENTITY[sdk=iphoneos*]" = "iPhone Developer";
				COPY_PHASE_STRIP = NO;
				DEBUG_INFORMATION_FORMAT = dwarf;
				ENABLE_STRICT_OBJC_MSGSEND = YES;
				ENABLE_TESTABILITY = YES;
				GCC_C_LANGUAGE_STANDARD = gnu99;
				GCC_DYNAMIC_NO_PIC = NO;
				GCC_NO_COMMON_BLOCKS = YES;
				GCC_OPTIMIZATION_LEVEL = 0;
				GCC_PREPROCESSOR_DEFINITIONS = (
					"DEBUG=1",
					"$(inherited)",
				);
				GCC_WARN_64_TO_32_BIT_CONVERSION = YES;
				GCC_WARN_ABOUT_RETURN_TYPE = YES_ERROR;
				GCC_WARN_UNDECLARED_SELECTOR = YES;
				GCC_WARN_UNINITIALIZED_AUTOS = YES_AGGRESSIVE;
				GCC_WARN_UNUSED_FUNCTION = YES;
				GCC_WARN_UNUSED_VARIABLE = YES;
				IPHONEOS_DEPLOYMENT_TARGET = 9.1;
				MTL_ENABLE_DEBUG_INFO = YES;
				ONLY_ACTIVE_ARCH = YES;
				SDKROOT = iphoneos;
				SWIFT_OPTIMIZATION_LEVEL = "-Onone";
			};
			name = Debug;
		};
		25085DBB1BDE45780060A150 /* Release */ = {
			isa = XCBuildConfiguration;
			buildSettings = {
				ALWAYS_SEARCH_USER_PATHS = NO;
				CLANG_CXX_LANGUAGE_STANDARD = "gnu++0x";
				CLANG_CXX_LIBRARY = "libc++";
				CLANG_ENABLE_MODULES = YES;
				CLANG_ENABLE_OBJC_ARC = YES;
				CLANG_WARN_BOOL_CONVERSION = YES;
				CLANG_WARN_CONSTANT_CONVERSION = YES;
				CLANG_WARN_DIRECT_OBJC_ISA_USAGE = YES_ERROR;
				CLANG_WARN_EMPTY_BODY = YES;
				CLANG_WARN_ENUM_CONVERSION = YES;
				CLANG_WARN_INT_CONVERSION = YES;
				CLANG_WARN_OBJC_ROOT_CLASS = YES_ERROR;
				CLANG_WARN_UNREACHABLE_CODE = YES;
				CLANG_WARN__DUPLICATE_METHOD_MATCH = YES;
				"CODE_SIGN_IDENTITY[sdk=iphoneos*]" = "iPhone Developer";
				COPY_PHASE_STRIP = NO;
				DEBUG_INFORMATION_FORMAT = "dwarf-with-dsym";
				ENABLE_NS_ASSERTIONS = NO;
				ENABLE_STRICT_OBJC_MSGSEND = YES;
				GCC_C_LANGUAGE_STANDARD = gnu99;
				GCC_NO_COMMON_BLOCKS = YES;
				GCC_WARN_64_TO_32_BIT_CONVERSION = YES;
				GCC_WARN_ABOUT_RETURN_TYPE = YES_ERROR;
				GCC_WARN_UNDECLARED_SELECTOR = YES;
				GCC_WARN_UNINITIALIZED_AUTOS = YES_AGGRESSIVE;
				GCC_WARN_UNUSED_FUNCTION = YES;
				GCC_WARN_UNUSED_VARIABLE = YES;
				IPHONEOS_DEPLOYMENT_TARGET = 9.1;
				MTL_ENABLE_DEBUG_INFO = NO;
				SDKROOT = iphoneos;
				VALIDATE_PRODUCT = YES;
			};
			name = Release;
		};
		25085DBD1BDE45780060A150 /* Debug */ = {
			isa = XCBuildConfiguration;
			baseConfigurationReference = 58322AA79669C198763D5DB4 /* Pods-LKSwift_weibo.debug.xcconfig */;
			buildSettings = {
				ASSETCATALOG_COMPILER_APPICON_NAME = AppIcon;
				ASSETCATALOG_COMPILER_LAUNCHIMAGE_NAME = "Brand Assets";
				INFOPLIST_FILE = LKSwift_weibo/Info.plist;
				IPHONEOS_DEPLOYMENT_TARGET = 8.0;
				LD_RUNPATH_SEARCH_PATHS = "$(inherited) @executable_path/Frameworks";
				PRODUCT_BUNDLE_IDENTIFIER = "cn.itcast.LKSwift-weibo";
				PRODUCT_NAME = "$(TARGET_NAME)";
			};
			name = Debug;
		};
		25085DBE1BDE45780060A150 /* Release */ = {
			isa = XCBuildConfiguration;
			baseConfigurationReference = 12C4DDC581C590D4362C80E5 /* Pods-LKSwift_weibo.release.xcconfig */;
			buildSettings = {
				ASSETCATALOG_COMPILER_APPICON_NAME = AppIcon;
				ASSETCATALOG_COMPILER_LAUNCHIMAGE_NAME = "Brand Assets";
				INFOPLIST_FILE = LKSwift_weibo/Info.plist;
				IPHONEOS_DEPLOYMENT_TARGET = 8.0;
				LD_RUNPATH_SEARCH_PATHS = "$(inherited) @executable_path/Frameworks";
				PRODUCT_BUNDLE_IDENTIFIER = "cn.itcast.LKSwift-weibo";
				PRODUCT_NAME = "$(TARGET_NAME)";
			};
			name = Release;
		};
		25085DC01BDE45780060A150 /* Debug */ = {
			isa = XCBuildConfiguration;
			buildSettings = {
				BUNDLE_LOADER = "$(TEST_HOST)";
				INFOPLIST_FILE = LKSwift_weiboTests/Info.plist;
				LD_RUNPATH_SEARCH_PATHS = "$(inherited) @executable_path/Frameworks @loader_path/Frameworks";
				PRODUCT_BUNDLE_IDENTIFIER = "cn.itcast.LKSwift-weiboTests";
				PRODUCT_NAME = "$(TARGET_NAME)";
				TEST_HOST = "$(BUILT_PRODUCTS_DIR)/LKSwift_weibo.app/LKSwift_weibo";
			};
			name = Debug;
		};
		25085DC11BDE45780060A150 /* Release */ = {
			isa = XCBuildConfiguration;
			buildSettings = {
				BUNDLE_LOADER = "$(TEST_HOST)";
				INFOPLIST_FILE = LKSwift_weiboTests/Info.plist;
				LD_RUNPATH_SEARCH_PATHS = "$(inherited) @executable_path/Frameworks @loader_path/Frameworks";
				PRODUCT_BUNDLE_IDENTIFIER = "cn.itcast.LKSwift-weiboTests";
				PRODUCT_NAME = "$(TARGET_NAME)";
				TEST_HOST = "$(BUILT_PRODUCTS_DIR)/LKSwift_weibo.app/LKSwift_weibo";
			};
			name = Release;
		};
		25085DC31BDE45780060A150 /* Debug */ = {
			isa = XCBuildConfiguration;
			buildSettings = {
				INFOPLIST_FILE = LKSwift_weiboUITests/Info.plist;
				LD_RUNPATH_SEARCH_PATHS = "$(inherited) @executable_path/Frameworks @loader_path/Frameworks";
				PRODUCT_BUNDLE_IDENTIFIER = "cn.itcast.LKSwift-weiboUITests";
				PRODUCT_NAME = "$(TARGET_NAME)";
				TEST_TARGET_NAME = LKSwift_weibo;
				USES_XCTRUNNER = YES;
			};
			name = Debug;
		};
		25085DC41BDE45780060A150 /* Release */ = {
			isa = XCBuildConfiguration;
			buildSettings = {
				INFOPLIST_FILE = LKSwift_weiboUITests/Info.plist;
				LD_RUNPATH_SEARCH_PATHS = "$(inherited) @executable_path/Frameworks @loader_path/Frameworks";
				PRODUCT_BUNDLE_IDENTIFIER = "cn.itcast.LKSwift-weiboUITests";
				PRODUCT_NAME = "$(TARGET_NAME)";
				TEST_TARGET_NAME = LKSwift_weibo;
				USES_XCTRUNNER = YES;
			};
			name = Release;
		};
/* End XCBuildConfiguration section */

/* Begin XCConfigurationList section */
		25085D8C1BDE45770060A150 /* Build configuration list for PBXProject "LKSwift_weibo" */ = {
			isa = XCConfigurationList;
			buildConfigurations = (
				25085DBA1BDE45780060A150 /* Debug */,
				25085DBB1BDE45780060A150 /* Release */,
			);
			defaultConfigurationIsVisible = 0;
			defaultConfigurationName = Release;
		};
		25085DBC1BDE45780060A150 /* Build configuration list for PBXNativeTarget "LKSwift_weibo" */ = {
			isa = XCConfigurationList;
			buildConfigurations = (
				25085DBD1BDE45780060A150 /* Debug */,
				25085DBE1BDE45780060A150 /* Release */,
			);
			defaultConfigurationIsVisible = 0;
			defaultConfigurationName = Release;
		};
		25085DBF1BDE45780060A150 /* Build configuration list for PBXNativeTarget "LKSwift_weiboTests" */ = {
			isa = XCConfigurationList;
			buildConfigurations = (
				25085DC01BDE45780060A150 /* Debug */,
				25085DC11BDE45780060A150 /* Release */,
			);
			defaultConfigurationIsVisible = 0;
			defaultConfigurationName = Release;
		};
		25085DC21BDE45780060A150 /* Build configuration list for PBXNativeTarget "LKSwift_weiboUITests" */ = {
			isa = XCConfigurationList;
			buildConfigurations = (
				25085DC31BDE45780060A150 /* Debug */,
				25085DC41BDE45780060A150 /* Release */,
			);
			defaultConfigurationIsVisible = 0;
			defaultConfigurationName = Release;
		};
/* End XCConfigurationList section */

/* Begin XCVersionGroup section */
		25085D9B1BDE45780060A150 /* LKSwift_weibo.xcdatamodeld */ = {
			isa = XCVersionGroup;
			children = (
				25085D9C1BDE45780060A150 /* LKSwift_weibo.xcdatamodel */,
			);
			currentVersion = 25085D9C1BDE45780060A150 /* LKSwift_weibo.xcdatamodel */;
			path = LKSwift_weibo.xcdatamodeld;
			sourceTree = "<group>";
			versionGroupType = wrapper.xcdatamodel;
		};
/* End XCVersionGroup section */
	};
	rootObject = 25085D891BDE45770060A150 /* Project object */;
}
